// !$*UTF8*$!
{
	archiveVersion = 1;
	classes = {
	};
	objectVersion = 50;
	objects = {

/* Begin PBXBuildFile section */
		1CB34C80262F17230011E4F7 /* AppDelegate.swift in Sources */ = {isa = PBXBuildFile; fileRef = 1CB34C7F262F17230011E4F7 /* AppDelegate.swift */; };
		1CB34C82262F17230011E4F7 /* SceneDelegate.swift in Sources */ = {isa = PBXBuildFile; fileRef = 1CB34C81262F17230011E4F7 /* SceneDelegate.swift */; };
		1CB34C84262F17230011E4F7 /* ViewController.swift in Sources */ = {isa = PBXBuildFile; fileRef = 1CB34C83262F17230011E4F7 /* ViewController.swift */; };
		1CB34C87262F17230011E4F7 /* Main.storyboard in Resources */ = {isa = PBXBuildFile; fileRef = 1CB34C85262F17230011E4F7 /* Main.storyboard */; };
		1CB34C89262F17230011E4F7 /* Assets.xcassets in Resources */ = {isa = PBXBuildFile; fileRef = 1CB34C88262F17230011E4F7 /* Assets.xcassets */; };
		1CB34C8C262F17230011E4F7 /* LaunchScreen.storyboard in Resources */ = {isa = PBXBuildFile; fileRef = 1CB34C8A262F17230011E4F7 /* LaunchScreen.storyboard */; };
		1CB34C97262F17230011E4F7 /* SquareTakeHomeTests.swift in Sources */ = {isa = PBXBuildFile; fileRef = 1CB34C96262F17230011E4F7 /* SquareTakeHomeTests.swift */; };
		1CB34CA2262F17230011E4F7 /* SquareTakeHomeUITests.swift in Sources */ = {isa = PBXBuildFile; fileRef = 1CB34CA1262F17230011E4F7 /* SquareTakeHomeUITests.swift */; };
/* End PBXBuildFile section */

/* Begin PBXContainerItemProxy section */
		1CB34C93262F17230011E4F7 /* PBXContainerItemProxy */ = {
			isa = PBXContainerItemProxy;
			containerPortal = 1CB34C74262F17220011E4F7 /* Project object */;
			proxyType = 1;
			remoteGlobalIDString = 1CB34C7B262F17230011E4F7;
			remoteInfo = SquareTakeHome;
		};
		1CB34C9E262F17230011E4F7 /* PBXContainerItemProxy */ = {
			isa = PBXContainerItemProxy;
			containerPortal = 1CB34C74262F17220011E4F7 /* Project object */;
			proxyType = 1;
			remoteGlobalIDString = 1CB34C7B262F17230011E4F7;
			remoteInfo = SquareTakeHome;
		};
/* End PBXContainerItemProxy section */

/* Begin PBXFileReference section */
		1CB34C7C262F17230011E4F7 /* SquareTakeHome.app */ = {isa = PBXFileReference; explicitFileType = wrapper.application; includeInIndex = 0; path = SquareTakeHome.app; sourceTree = BUILT_PRODUCTS_DIR; };
		1CB34C7F262F17230011E4F7 /* AppDelegate.swift */ = {isa = PBXFileReference; lastKnownFileType = sourcecode.swift; path = AppDelegate.swift; sourceTree = "<group>"; };
		1CB34C81262F17230011E4F7 /* SceneDelegate.swift */ = {isa = PBXFileReference; lastKnownFileType = sourcecode.swift; path = SceneDelegate.swift; sourceTree = "<group>"; };
		1CB34C83262F17230011E4F7 /* ViewController.swift */ = {isa = PBXFileReference; lastKnownFileType = sourcecode.swift; path = ViewController.swift; sourceTree = "<group>"; };
		1CB34C86262F17230011E4F7 /* Base */ = {isa = PBXFileReference; lastKnownFileType = file.storyboard; name = Base; path = Base.lproj/Main.storyboard; sourceTree = "<group>"; };
		1CB34C88262F17230011E4F7 /* Assets.xcassets */ = {isa = PBXFileReference; lastKnownFileType = folder.assetcatalog; path = Assets.xcassets; sourceTree = "<group>"; };
		1CB34C8B262F17230011E4F7 /* Base */ = {isa = PBXFileReference; lastKnownFileType = file.storyboard; name = Base; path = Base.lproj/LaunchScreen.storyboard; sourceTree = "<group>"; };
		1CB34C8D262F17230011E4F7 /* Info.plist */ = {isa = PBXFileReference; lastKnownFileType = text.plist.xml; path = Info.plist; sourceTree = "<group>"; };
		1CB34C92262F17230011E4F7 /* SquareTakeHomeTests.xctest */ = {isa = PBXFileReference; explicitFileType = wrapper.cfbundle; includeInIndex = 0; path = SquareTakeHomeTests.xctest; sourceTree = BUILT_PRODUCTS_DIR; };
		1CB34C96262F17230011E4F7 /* SquareTakeHomeTests.swift */ = {isa = PBXFileReference; lastKnownFileType = sourcecode.swift; path = SquareTakeHomeTests.swift; sourceTree = "<group>"; };
		1CB34C98262F17230011E4F7 /* Info.plist */ = {isa = PBXFileReference; lastKnownFileType = text.plist.xml; path = Info.plist; sourceTree = "<group>"; };
		1CB34C9D262F17230011E4F7 /* SquareTakeHomeUITests.xctest */ = {isa = PBXFileReference; explicitFileType = wrapper.cfbundle; includeInIndex = 0; path = SquareTakeHomeUITests.xctest; sourceTree = BUILT_PRODUCTS_DIR; };
		1CB34CA1262F17230011E4F7 /* SquareTakeHomeUITests.swift */ = {isa = PBXFileReference; lastKnownFileType = sourcecode.swift; path = SquareTakeHomeUITests.swift; sourceTree = "<group>"; };
		1CB34CA3262F17230011E4F7 /* Info.plist */ = {isa = PBXFileReference; lastKnownFileType = text.plist.xml; path = Info.plist; sourceTree = "<group>"; };
/* End PBXFileReference section */

/* Begin PBXFrameworksBuildPhase section */
		1CB34C79262F17230011E4F7 /* Frameworks */ = {
			isa = PBXFrameworksBuildPhase;
			buildActionMask = 2147483647;
			files = (
			);
			runOnlyForDeploymentPostprocessing = 0;
		};
		1CB34C8F262F17230011E4F7 /* Frameworks */ = {
			isa = PBXFrameworksBuildPhase;
			buildActionMask = 2147483647;
			files = (
			);
			runOnlyForDeploymentPostprocessing = 0;
		};
		1CB34C9A262F17230011E4F7 /* Frameworks */ = {
			isa = PBXFrameworksBuildPhase;
			buildActionMask = 2147483647;
			files = (
			);
			runOnlyForDeploymentPostprocessing = 0;
		};
/* End PBXFrameworksBuildPhase section */

/* Begin PBXGroup section */
		1CB34C73262F17220011E4F7 = {
			isa = PBXGroup;
			children = (
				1CB34C7E262F17230011E4F7 /* SquareTakeHome */,
				1CB34C95262F17230011E4F7 /* SquareTakeHomeTests */,
				1CB34CA0262F17230011E4F7 /* SquareTakeHomeUITests */,
				1CB34C7D262F17230011E4F7 /* Products */,
			);
			sourceTree = "<group>";
		};
		1CB34C7D262F17230011E4F7 /* Products */ = {
			isa = PBXGroup;
			children = (
				1CB34C7C262F17230011E4F7 /* SquareTakeHome.app */,
				1CB34C92262F17230011E4F7 /* SquareTakeHomeTests.xctest */,
				1CB34C9D262F17230011E4F7 /* SquareTakeHomeUITests.xctest */,
			);
			name = Products;
			sourceTree = "<group>";
		};
		1CB34C7E262F17230011E4F7 /* SquareTakeHome */ = {
			isa = PBXGroup;
			children = (
				1CB34C7F262F17230011E4F7 /* AppDelegate.swift */,
				1CB34C81262F17230011E4F7 /* SceneDelegate.swift */,
				1CB34C83262F17230011E4F7 /* ViewController.swift */,
				1CB34C85262F17230011E4F7 /* Main.storyboard */,
				1CB34C88262F17230011E4F7 /* Assets.xcassets */,
				1CB34C8A262F17230011E4F7 /* LaunchScreen.storyboard */,
				1CB34C8D262F17230011E4F7 /* Info.plist */,
			);
			path = SquareTakeHome;
			sourceTree = "<group>";
		};
		1CB34C95262F17230011E4F7 /* SquareTakeHomeTests */ = {
			isa = PBXGroup;
			children = (
				1CB34C96262F17230011E4F7 /* SquareTakeHomeTests.swift */,
				1CB34C98262F17230011E4F7 /* Info.plist */,
			);
			path = SquareTakeHomeTests;
			sourceTree = "<group>";
		};
		1CB34CA0262F17230011E4F7 /* SquareTakeHomeUITests */ = {
			isa = PBXGroup;
			children = (
				1CB34CA1262F17230011E4F7 /* SquareTakeHomeUITests.swift */,
				1CB34CA3262F17230011E4F7 /* Info.plist */,
			);
			path = SquareTakeHomeUITests;
			sourceTree = "<group>";
		};
/* End PBXGroup section */

/* Begin PBXNativeTarget section */
		1CB34C7B262F17230011E4F7 /* SquareTakeHome */ = {
			isa = PBXNativeTarget;
			buildConfigurationList = 1CB34CA6262F17230011E4F7 /* Build configuration list for PBXNativeTarget "SquareTakeHome" */;
			buildPhases = (
				1CB34C78262F17230011E4F7 /* Sources */,
				1CB34C79262F17230011E4F7 /* Frameworks */,
				1CB34C7A262F17230011E4F7 /* Resources */,
			);
			buildRules = (
			);
			dependencies = (
			);
			name = SquareTakeHome;
			productName = SquareTakeHome;
			productReference = 1CB34C7C262F17230011E4F7 /* SquareTakeHome.app */;
			productType = "com.apple.product-type.application";
		};
		1CB34C91262F17230011E4F7 /* SquareTakeHomeTests */ = {
			isa = PBXNativeTarget;
			buildConfigurationList = 1CB34CA9262F17230011E4F7 /* Build configuration list for PBXNativeTarget "SquareTakeHomeTests" */;
			buildPhases = (
				1CB34C8E262F17230011E4F7 /* Sources */,
				1CB34C8F262F17230011E4F7 /* Frameworks */,
				1CB34C90262F17230011E4F7 /* Resources */,
			);
			buildRules = (
			);
			dependencies = (
				1CB34C94262F17230011E4F7 /* PBXTargetDependency */,
			);
			name = SquareTakeHomeTests;
			productName = SquareTakeHomeTests;
			productReference = 1CB34C92262F17230011E4F7 /* SquareTakeHomeTests.xctest */;
			productType = "com.apple.product-type.bundle.unit-test";
		};
		1CB34C9C262F17230011E4F7 /* SquareTakeHomeUITests */ = {
			isa = PBXNativeTarget;
			buildConfigurationList = 1CB34CAC262F17230011E4F7 /* Build configuration list for PBXNativeTarget "SquareTakeHomeUITests" */;
			buildPhases = (
				1CB34C99262F17230011E4F7 /* Sources */,
				1CB34C9A262F17230011E4F7 /* Frameworks */,
				1CB34C9B262F17230011E4F7 /* Resources */,
			);
			buildRules = (
			);
			dependencies = (
				1CB34C9F262F17230011E4F7 /* PBXTargetDependency */,
			);
			name = SquareTakeHomeUITests;
			productName = SquareTakeHomeUITests;
			productReference = 1CB34C9D262F17230011E4F7 /* SquareTakeHomeUITests.xctest */;
			productType = "com.apple.product-type.bundle.ui-testing";
		};
/* End PBXNativeTarget section */

/* Begin PBXProject section */
		1CB34C74262F17220011E4F7 /* Project object */ = {
			isa = PBXProject;
			attributes = {
				LastSwiftUpdateCheck = 1240;
				LastUpgradeCheck = 1240;
				TargetAttributes = {
					1CB34C7B262F17230011E4F7 = {
						CreatedOnToolsVersion = 12.4;
					};
					1CB34C91262F17230011E4F7 = {
						CreatedOnToolsVersion = 12.4;
						TestTargetID = 1CB34C7B262F17230011E4F7;
					};
					1CB34C9C262F17230011E4F7 = {
						CreatedOnToolsVersion = 12.4;
						TestTargetID = 1CB34C7B262F17230011E4F7;
					};
				};
			};
			buildConfigurationList = 1CB34C77262F17220011E4F7 /* Build configuration list for PBXProject "SquareTakeHome" */;
			compatibilityVersion = "Xcode 9.3";
			developmentRegion = en;
			hasScannedForEncodings = 0;
			knownRegions = (
				en,
				Base,
			);
			mainGroup = 1CB34C73262F17220011E4F7;
			productRefGroup = 1CB34C7D262F17230011E4F7 /* Products */;
			projectDirPath = "";
			projectRoot = "";
			targets = (
				1CB34C7B262F17230011E4F7 /* SquareTakeHome */,
				1CB34C91262F17230011E4F7 /* SquareTakeHomeTests */,
				1CB34C9C262F17230011E4F7 /* SquareTakeHomeUITests */,
			);
		};
/* End PBXProject section */

/* Begin PBXResourcesBuildPhase section */
		1CB34C7A262F17230011E4F7 /* Resources */ = {
			isa = PBXResourcesBuildPhase;
			buildActionMask = 2147483647;
			files = (
				1CB34C8C262F17230011E4F7 /* LaunchScreen.storyboard in Resources */,
				1CB34C89262F17230011E4F7 /* Assets.xcassets in Resources */,
				1CB34C87262F17230011E4F7 /* Main.storyboard in Resources */,
			);
			runOnlyForDeploymentPostprocessing = 0;
		};
		1CB34C90262F17230011E4F7 /* Resources */ = {
			isa = PBXResourcesBuildPhase;
			buildActionMask = 2147483647;
			files = (
			);
			runOnlyForDeploymentPostprocessing = 0;
		};
		1CB34C9B262F17230011E4F7 /* Resources */ = {
			isa = PBXResourcesBuildPhase;
			buildActionMask = 2147483647;
			files = (
			);
			runOnlyForDeploymentPostprocessing = 0;
		};
/* End PBXResourcesBuildPhase section */

/* Begin PBXSourcesBuildPhase section */
		1CB34C78262F17230011E4F7 /* Sources */ = {
			isa = PBXSourcesBuildPhase;
			buildActionMask = 2147483647;
			files = (
				1CB34C84262F17230011E4F7 /* ViewController.swift in Sources */,
				1CB34C80262F17230011E4F7 /* AppDelegate.swift in Sources */,
				1CB34C82262F17230011E4F7 /* SceneDelegate.swift in Sources */,
			);
			runOnlyForDeploymentPostprocessing = 0;
		};
		1CB34C8E262F17230011E4F7 /* Sources */ = {
			isa = PBXSourcesBuildPhase;
			buildActionMask = 2147483647;
			files = (
				1CB34C97262F17230011E4F7 /* SquareTakeHomeTests.swift in Sources */,
			);
			runOnlyForDeploymentPostprocessing = 0;
		};
		1CB34C99262F17230011E4F7 /* Sources */ = {
			isa = PBXSourcesBuildPhase;
			buildActionMask = 2147483647;
			files = (
				1CB34CA2262F17230011E4F7 /* SquareTakeHomeUITests.swift in Sources */,
			);
			runOnlyForDeploymentPostprocessing = 0;
		};
/* End PBXSourcesBuildPhase section */

/* Begin PBXTargetDependency section */
		1CB34C94262F17230011E4F7 /* PBXTargetDependency */ = {
			isa = PBXTargetDependency;
			target = 1CB34C7B262F17230011E4F7 /* SquareTakeHome */;
			targetProxy = 1CB34C93262F17230011E4F7 /* PBXContainerItemProxy */;
		};
		1CB34C9F262F17230011E4F7 /* PBXTargetDependency */ = {
			isa = PBXTargetDependency;
			target = 1CB34C7B262F17230011E4F7 /* SquareTakeHome */;
			targetProxy = 1CB34C9E262F17230011E4F7 /* PBXContainerItemProxy */;
		};
/* End PBXTargetDependency section */

/* Begin PBXVariantGroup section */
		1CB34C85262F17230011E4F7 /* Main.storyboard */ = {
			isa = PBXVariantGroup;
			children = (
				1CB34C86262F17230011E4F7 /* Base */,
			);
			name = Main.storyboard;
			sourceTree = "<group>";
		};
		1CB34C8A262F17230011E4F7 /* LaunchScreen.storyboard */ = {
			isa = PBXVariantGroup;
			children = (
				1CB34C8B262F17230011E4F7 /* Base */,
			);
			name = LaunchScreen.storyboard;
			sourceTree = "<group>";
		};
/* End PBXVariantGroup section */

/* Begin XCBuildConfiguration section */
		1CB34CA4262F17230011E4F7 /* Debug */ = {
			isa = XCBuildConfiguration;
			buildSettings = {
				ALWAYS_SEARCH_USER_PATHS = NO;
				CLANG_ANALYZER_NONNULL = YES;
				CLANG_ANALYZER_NUMBER_OBJECT_CONVERSION = YES_AGGRESSIVE;
				CLANG_CXX_LANGUAGE_STANDARD = "gnu++14";
				CLANG_CXX_LIBRARY = "libc++";
				CLANG_ENABLE_MODULES = YES;
				CLANG_ENABLE_OBJC_ARC = YES;
				CLANG_ENABLE_OBJC_WEAK = YES;
				CLANG_WARN_BLOCK_CAPTURE_AUTORELEASING = YES;
				CLANG_WARN_BOOL_CONVERSION = YES;
				CLANG_WARN_COMMA = YES;
				CLANG_WARN_CONSTANT_CONVERSION = YES;
				CLANG_WARN_DEPRECATED_OBJC_IMPLEMENTATIONS = YES;
				CLANG_WARN_DIRECT_OBJC_ISA_USAGE = YES_ERROR;
				CLANG_WARN_DOCUMENTATION_COMMENTS = YES;
				CLANG_WARN_EMPTY_BODY = YES;
				CLANG_WARN_ENUM_CONVERSION = YES;
				CLANG_WARN_INFINITE_RECURSION = YES;
				CLANG_WARN_INT_CONVERSION = YES;
				CLANG_WARN_NON_LITERAL_NULL_CONVERSION = YES;
				CLANG_WARN_OBJC_IMPLICIT_RETAIN_SELF = YES;
				CLANG_WARN_OBJC_LITERAL_CONVERSION = YES;
				CLANG_WARN_OBJC_ROOT_CLASS = YES_ERROR;
				CLANG_WARN_QUOTED_INCLUDE_IN_FRAMEWORK_HEADER = YES;
				CLANG_WARN_RANGE_LOOP_ANALYSIS = YES;
				CLANG_WARN_STRICT_PROTOTYPES = YES;
				CLANG_WARN_SUSPICIOUS_MOVE = YES;
				CLANG_WARN_UNGUARDED_AVAILABILITY = YES_AGGRESSIVE;
				CLANG_WARN_UNREACHABLE_CODE = YES;
				CLANG_WARN__DUPLICATE_METHOD_MATCH = YES;
				COPY_PHASE_STRIP = NO;
				DEBUG_INFORMATION_FORMAT = dwarf;
				ENABLE_STRICT_OBJC_MSGSEND = YES;
				ENABLE_TESTABILITY = YES;
				GCC_C_LANGUAGE_STANDARD = gnu11;
				GCC_DYNAMIC_NO_PIC = NO;
				GCC_NO_COMMON_BLOCKS = YES;
				GCC_OPTIMIZATION_LEVEL = 0;
				GCC_PREPROCESSOR_DEFINITIONS = (
					"DEBUG=1",
					"$(inherited)",
				);
				GCC_WARN_64_TO_32_BIT_CONVERSION = YES;
				GCC_WARN_ABOUT_RETURN_TYPE = YES_ERROR;
				GCC_WARN_UNDECLARED_SELECTOR = YES;
				GCC_WARN_UNINITIALIZED_AUTOS = YES_AGGRESSIVE;
				GCC_WARN_UNUSED_FUNCTION = YES;
				GCC_WARN_UNUSED_VARIABLE = YES;
				IPHONEOS_DEPLOYMENT_TARGET = 14.4;
				MTL_ENABLE_DEBUG_INFO = INCLUDE_SOURCE;
				MTL_FAST_MATH = YES;
				ONLY_ACTIVE_ARCH = YES;
				SDKROOT = iphoneos;
				SWIFT_ACTIVE_COMPILATION_CONDITIONS = DEBUG;
				SWIFT_OPTIMIZATION_LEVEL = "-Onone";
			};
			name = Debug;
		};
		1CB34CA5262F17230011E4F7 /* Release */ = {
			isa = XCBuildConfiguration;
			buildSettings = {
				ALWAYS_SEARCH_USER_PATHS = NO;
				CLANG_ANALYZER_NONNULL = YES;
				CLANG_ANALYZER_NUMBER_OBJECT_CONVERSION = YES_AGGRESSIVE;
				CLANG_CXX_LANGUAGE_STANDARD = "gnu++14";
				CLANG_CXX_LIBRARY = "libc++";
				CLANG_ENABLE_MODULES = YES;
				CLANG_ENABLE_OBJC_ARC = YES;
				CLANG_ENABLE_OBJC_WEAK = YES;
				CLANG_WARN_BLOCK_CAPTURE_AUTORELEASING = YES;
				CLANG_WARN_BOOL_CONVERSION = YES;
				CLANG_WARN_COMMA = YES;
				CLANG_WARN_CONSTANT_CONVERSION = YES;
				CLANG_WARN_DEPRECATED_OBJC_IMPLEMENTATIONS = YES;
				CLANG_WARN_DIRECT_OBJC_ISA_USAGE = YES_ERROR;
				CLANG_WARN_DOCUMENTATION_COMMENTS = YES;
				CLANG_WARN_EMPTY_BODY = YES;
				CLANG_WARN_ENUM_CONVERSION = YES;
				CLANG_WARN_INFINITE_RECURSION = YES;
				CLANG_WARN_INT_CONVERSION = YES;
				CLANG_WARN_NON_LITERAL_NULL_CONVERSION = YES;
				CLANG_WARN_OBJC_IMPLICIT_RETAIN_SELF = YES;
				CLANG_WARN_OBJC_LITERAL_CONVERSION = YES;
				CLANG_WARN_OBJC_ROOT_CLASS = YES_ERROR;
				CLANG_WARN_QUOTED_INCLUDE_IN_FRAMEWORK_HEADER = YES;
				CLANG_WARN_RANGE_LOOP_ANALYSIS = YES;
				CLANG_WARN_STRICT_PROTOTYPES = YES;
				CLANG_WARN_SUSPICIOUS_MOVE = YES;
				CLANG_WARN_UNGUARDED_AVAILABILITY = YES_AGGRESSIVE;
				CLANG_WARN_UNREACHABLE_CODE = YES;
				CLANG_WARN__DUPLICATE_METHOD_MATCH = YES;
				COPY_PHASE_STRIP = NO;
				DEBUG_INFORMATION_FORMAT = "dwarf-with-dsym";
				ENABLE_NS_ASSERTIONS = NO;
				ENABLE_STRICT_OBJC_MSGSEND = YES;
				GCC_C_LANGUAGE_STANDARD = gnu11;
				GCC_NO_COMMON_BLOCKS = YES;
				GCC_WARN_64_TO_32_BIT_CONVERSION = YES;
				GCC_WARN_ABOUT_RETURN_TYPE = YES_ERROR;
				GCC_WARN_UNDECLARED_SELECTOR = YES;
				GCC_WARN_UNINITIALIZED_AUTOS = YES_AGGRESSIVE;
				GCC_WARN_UNUSED_FUNCTION = YES;
				GCC_WARN_UNUSED_VARIABLE = YES;
				IPHONEOS_DEPLOYMENT_TARGET = 14.4;
				MTL_ENABLE_DEBUG_INFO = NO;
				MTL_FAST_MATH = YES;
				SDKROOT = iphoneos;
				SWIFT_COMPILATION_MODE = wholemodule;
				SWIFT_OPTIMIZATION_LEVEL = "-O";
				VALIDATE_PRODUCT = YES;
			};
			name = Release;
		};
		1CB34CA7262F17230011E4F7 /* Debug */ = {
			isa = XCBuildConfiguration;
			buildSettings = {
				ASSETCATALOG_COMPILER_APPICON_NAME = AppIcon;
				ASSETCATALOG_COMPILER_GLOBAL_ACCENT_COLOR_NAME = AccentColor;
				CODE_SIGN_STYLE = Automatic;
				INFOPLIST_FILE = SquareTakeHome/Info.plist;
				LD_RUNPATH_SEARCH_PATHS = (
					"$(inherited)",
					"@executable_path/Frameworks",
				);
				PRODUCT_BUNDLE_IDENTIFIER = com.treyt.SquareTakeHome;
				PRODUCT_NAME = "$(TARGET_NAME)";
				SWIFT_VERSION = 5.0;
				TARGETED_DEVICE_FAMILY = "1,2";
			};
			name = Debug;
		};
		1CB34CA8262F17230011E4F7 /* Release */ = {
			isa = XCBuildConfiguration;
			buildSettings = {
				ASSETCATALOG_COMPILER_APPICON_NAME = AppIcon;
				ASSETCATALOG_COMPILER_GLOBAL_ACCENT_COLOR_NAME = AccentColor;
				CODE_SIGN_STYLE = Automatic;
				INFOPLIST_FILE = SquareTakeHome/Info.plist;
				LD_RUNPATH_SEARCH_PATHS = (
					"$(inherited)",
					"@executable_path/Frameworks",
				);
				PRODUCT_BUNDLE_IDENTIFIER = com.treyt.SquareTakeHome;
				PRODUCT_NAME = "$(TARGET_NAME)";
				SWIFT_VERSION = 5.0;
				TARGETED_DEVICE_FAMILY = "1,2";
			};
			name = Release;
		};
		1CB34CAA262F17230011E4F7 /* Debug */ = {
			isa = XCBuildConfiguration;
			buildSettings = {
				ALWAYS_EMBED_SWIFT_STANDARD_LIBRARIES = YES;
				BUNDLE_LOADER = "$(TEST_HOST)";
				CODE_SIGN_STYLE = Automatic;
				INFOPLIST_FILE = SquareTakeHomeTests/Info.plist;
				IPHONEOS_DEPLOYMENT_TARGET = 14.4;
				LD_RUNPATH_SEARCH_PATHS = (
					"$(inherited)",
					"@executable_path/Frameworks",
					"@loader_path/Frameworks",
				);
				PRODUCT_BUNDLE_IDENTIFIER = com.treyt.SquareTakeHomeTests;
				PRODUCT_NAME = "$(TARGET_NAME)";
				SWIFT_VERSION = 5.0;
				TARGETED_DEVICE_FAMILY = "1,2";
				TEST_HOST = "$(BUILT_PRODUCTS_DIR)/SquareTakeHome.app/SquareTakeHome";
			};
			name = Debug;
		};
		1CB34CAB262F17230011E4F7 /* Release */ = {
			isa = XCBuildConfiguration;
			buildSettings = {
				ALWAYS_EMBED_SWIFT_STANDARD_LIBRARIES = YES;
				BUNDLE_LOADER = "$(TEST_HOST)";
				CODE_SIGN_STYLE = Automatic;
				INFOPLIST_FILE = SquareTakeHomeTests/Info.plist;
				IPHONEOS_DEPLOYMENT_TARGET = 14.4;
				LD_RUNPATH_SEARCH_PATHS = (
					"$(inherited)",
					"@executable_path/Frameworks",
					"@loader_path/Frameworks",
				);
				PRODUCT_BUNDLE_IDENTIFIER = com.treyt.SquareTakeHomeTests;
				PRODUCT_NAME = "$(TARGET_NAME)";
				SWIFT_VERSION = 5.0;
				TARGETED_DEVICE_FAMILY = "1,2";
				TEST_HOST = "$(BUILT_PRODUCTS_DIR)/SquareTakeHome.app/SquareTakeHome";
			};
			name = Release;
		};
		1CB34CAD262F17230011E4F7 /* Debug */ = {
			isa = XCBuildConfiguration;
			buildSettings = {
				ALWAYS_EMBED_SWIFT_STANDARD_LIBRARIES = YES;
				CODE_SIGN_STYLE = Automatic;
				INFOPLIST_FILE = SquareTakeHomeUITests/Info.plist;
				LD_RUNPATH_SEARCH_PATHS = (
					"$(inherited)",
					"@executable_path/Frameworks",
					"@loader_path/Frameworks",
				);
				PRODUCT_BUNDLE_IDENTIFIER = com.treyt.SquareTakeHomeUITests;
				PRODUCT_NAME = "$(TARGET_NAME)";
				SWIFT_VERSION = 5.0;
				TARGETED_DEVICE_FAMILY = "1,2";
				TEST_TARGET_NAME = SquareTakeHome;
			};
			name = Debug;
		};
		1CB34CAE262F17230011E4F7 /* Release */ = {
			isa = XCBuildConfiguration;
			buildSettings = {
				ALWAYS_EMBED_SWIFT_STANDARD_LIBRARIES = YES;
				CODE_SIGN_STYLE = Automatic;
				INFOPLIST_FILE = SquareTakeHomeUITests/Info.plist;
				LD_RUNPATH_SEARCH_PATHS = (
					"$(inherited)",
					"@executable_path/Frameworks",
					"@loader_path/Frameworks",
				);
				PRODUCT_BUNDLE_IDENTIFIER = com.treyt.SquareTakeHomeUITests;
				PRODUCT_NAME = "$(TARGET_NAME)";
				SWIFT_VERSION = 5.0;
				TARGETED_DEVICE_FAMILY = "1,2";
				TEST_TARGET_NAME = SquareTakeHome;
			};
			name = Release;
		};
/* End XCBuildConfiguration section */

/* Begin XCConfigurationList section */
		1CB34C77262F17220011E4F7 /* Build configuration list for PBXProject "SquareTakeHome" */ = {
			isa = XCConfigurationList;
			buildConfigurations = (
				1CB34CA4262F17230011E4F7 /* Debug */,
				1CB34CA5262F17230011E4F7 /* Release */,
			);
			defaultConfigurationIsVisible = 0;
			defaultConfigurationName = Release;
		};
		1CB34CA6262F17230011E4F7 /* Build configuration list for PBXNativeTarget "SquareTakeHome" */ = {
			isa = XCConfigurationList;
			buildConfigurations = (
				1CB34CA7262F17230011E4F7 /* Debug */,
				1CB34CA8262F17230011E4F7 /* Release */,
			);
			defaultConfigurationIsVisible = 0;
			defaultConfigurationName = Release;
		};
		1CB34CA9262F17230011E4F7 /* Build configuration list for PBXNativeTarget "SquareTakeHomeTests" */ = {
			isa = XCConfigurationList;
			buildConfigurations = (
				1CB34CAA262F17230011E4F7 /* Debug */,
				1CB34CAB262F17230011E4F7 /* Release */,
			);
			defaultConfigurationIsVisible = 0;
			defaultConfigurationName = Release;
		};
		1CB34CAC262F17230011E4F7 /* Build configuration list for PBXNativeTarget "SquareTakeHomeUITests" */ = {
			isa = XCConfigurationList;
			buildConfigurations = (
				1CB34CAD262F17230011E4F7 /* Debug */,
				1CB34CAE262F17230011E4F7 /* Release */,
			);
			defaultConfigurationIsVisible = 0;
			defaultConfigurationName = Release;
		};
/* End XCConfigurationList section */
	};
	rootObject = 1CB34C74262F17220011E4F7 /* Project object */;
}
